
Microsoft Visual Studio Solution File, Format Version 12.00
# Visual Studio Version 17
VisualStudioVersion = 17.14.36616.10 d17.14
MinimumVisualStudioVersion = 10.0.40219.1
Project("{FAE04EC0-301F-11D3-BF4B-00C04F79EFBC}") = "CoffeeManagement", "CoffeeManagement.csproj", "{D128C1C1-3B35-4CDC-BDEA-D6075AC29A9E}"
EndProject
Global
	GlobalSection(SolutionConfigurationPlatforms) = preSolution
		Debug|Any CPU = Debug|Any CPU
		Release|Any CPU = Release|Any CPU
	EndGlobalSection
	GlobalSection(ProjectConfigurationPlatforms) = postSolution
		{D128C1C1-3B35-4CDC-BDEA-D6075AC29A9E}.Debug|Any CPU.ActiveCfg = Debug|Any CPU
		{D128C1C1-3B35-4CDC-BDEA-D6075AC29A9E}.Debug|Any CPU.Build.0 = Debug|Any CPU
		{D128C1C1-3B35-4CDC-BDEA-D6075AC29A9E}.Release|Any CPU.ActiveCfg = Release|Any CPU
		{D128C1C1-3B35-4CDC-BDEA-D6075AC29A9E}.Release|Any CPU.Build.0 = Release|Any CPU
	EndGlobalSection
	GlobalSection(SolutionProperties) = preSolution
		HideSolutionNode = FALSE
	EndGlobalSection
	GlobalSection(ExtensibilityGlobals) = postSolution
		SolutionGuid = {CF483FD4-DDF7-4E49-8A67-E4FE0E43A6AC}
	EndGlobalSection
EndGlobal
